
Microsoft Visual Studio Solution File, Format Version 12.00
# Visual Studio Version 16
VisualStudioVersion = 16.0.29709.97
MinimumVisualStudioVersion = 10.0.40219.1
Project("{FAE04EC0-301F-11D3-BF4B-00C04F79EFBC}") = "Opgave6", "Opgave6\Opgave6.csproj", "{3B348984-72C4-4F76-AE91-286AE701C705}"
EndProject
Global
	GlobalSection(SolutionConfigurationPlatforms) = preSolution
		Debug|Any CPU = Debug|Any CPU
		Release|Any CPU = Release|Any CPU
	EndGlobalSection
	GlobalSection(ProjectConfigurationPlatforms) = postSolution
		{3B348984-72C4-4F76-AE91-286AE701C705}.Debug|Any CPU.ActiveCfg = Debug|Any CPU
		{3B348984-72C4-4F76-AE91-286AE701C705}.Debug|Any CPU.Build.0 = Debug|Any CPU
		{3B348984-72C4-4F76-AE91-286AE701C705}.Release|Any CPU.ActiveCfg = Release|Any CPU
		{3B348984-72C4-4F76-AE91-286AE701C705}.Release|Any CPU.Build.0 = Release|Any CPU
	EndGlobalSection
	GlobalSection(SolutionProperties) = preSolution
		HideSolutionNode = FALSE
	EndGlobalSection
	GlobalSection(ExtensibilityGlobals) = postSolution
		SolutionGuid = {B10824F1-7E0C-4215-90E1-14216661D45A}
	EndGlobalSection
EndGlobal
